// !$*UTF8*$!
{
	archiveVersion = 1;
	classes = {
	};
	objectVersion = 50;
	objects = {

/* Begin PBXBuildFile section */
		39A9420922967C010037A9E8 /* Assets.xcassets in Resources */ = {isa = PBXBuildFile; fileRef = 39A9420822967C010037A9E8 /* Assets.xcassets */; };
		39A9421022967C020037A9E8 /* iMessage MessagesExtension.appex in Embed App Extensions */ = {isa = PBXBuildFile; fileRef = 39A9420F22967C020037A9E8 /* iMessage MessagesExtension.appex */; settings = {ATTRIBUTES = (RemoveHeadersOnCopy, ); }; };
		39A9421522967C020037A9E8 /* Messages.framework in Frameworks */ = {isa = PBXBuildFile; fileRef = 39A9421422967C020037A9E8 /* Messages.framework */; };
		39A9421822967C020037A9E8 /* MessagesViewController.swift in Sources */ = {isa = PBXBuildFile; fileRef = 39A9421722967C020037A9E8 /* MessagesViewController.swift */; };
		39A9421B22967C020037A9E8 /* MainInterface.storyboard in Resources */ = {isa = PBXBuildFile; fileRef = 39A9421922967C020037A9E8 /* MainInterface.storyboard */; };
		39A9421D22967C020037A9E8 /* Assets.xcassets in Resources */ = {isa = PBXBuildFile; fileRef = 39A9421C22967C020037A9E8 /* Assets.xcassets */; };
		39A9422C22967D510037A9E8 /* Homer.png in Resources */ = {isa = PBXBuildFile; fileRef = 39A9422822967D500037A9E8 /* Homer.png */; };
		39A9422D22967D510037A9E8 /* Lisa.png in Resources */ = {isa = PBXBuildFile; fileRef = 39A9422922967D510037A9E8 /* Lisa.png */; };
		39A9422E22967D510037A9E8 /* Maggie.png in Resources */ = {isa = PBXBuildFile; fileRef = 39A9422A22967D510037A9E8 /* Maggie.png */; };
		39A9422F22967D510037A9E8 /* Bart.png in Resources */ = {isa = PBXBuildFile; fileRef = 39A9422B22967D510037A9E8 /* Bart.png */; };
/* End PBXBuildFile section */

/* Begin PBXContainerItemProxy section */
		39A9421122967C020037A9E8 /* PBXContainerItemProxy */ = {
			isa = PBXContainerItemProxy;
			containerPortal = 39A941FF22967C010037A9E8 /* Project object */;
			proxyType = 1;
			remoteGlobalIDString = 39A9420E22967C020037A9E8;
			remoteInfo = "iMessage MessagesExtension";
		};
/* End PBXContainerItemProxy section */

/* Begin PBXCopyFilesBuildPhase section */
		39A9422422967C020037A9E8 /* Embed App Extensions */ = {
			isa = PBXCopyFilesBuildPhase;
			buildActionMask = 2147483647;
			dstPath = "";
			dstSubfolderSpec = 13;
			files = (
				39A9421022967C020037A9E8 /* iMessage MessagesExtension.appex in Embed App Extensions */,
			);
			name = "Embed App Extensions";
			runOnlyForDeploymentPostprocessing = 0;
		};
/* End PBXCopyFilesBuildPhase section */

/* Begin PBXFileReference section */
		39A9420522967C010037A9E8 /* iMessage.app */ = {isa = PBXFileReference; explicitFileType = wrapper.application; includeInIndex = 0; path = iMessage.app; sourceTree = BUILT_PRODUCTS_DIR; };
		39A9420822967C010037A9E8 /* Assets.xcassets */ = {isa = PBXFileReference; lastKnownFileType = folder.assetcatalog; path = Assets.xcassets; sourceTree = "<group>"; };
		39A9420A22967C020037A9E8 /* Info.plist */ = {isa = PBXFileReference; lastKnownFileType = text.plist.xml; path = Info.plist; sourceTree = "<group>"; };
		39A9420F22967C020037A9E8 /* iMessage MessagesExtension.appex */ = {isa = PBXFileReference; explicitFileType = "wrapper.app-extension"; includeInIndex = 0; path = "iMessage MessagesExtension.appex"; sourceTree = BUILT_PRODUCTS_DIR; };
		39A9421422967C020037A9E8 /* Messages.framework */ = {isa = PBXFileReference; lastKnownFileType = wrapper.framework; name = Messages.framework; path = System/Library/Frameworks/Messages.framework; sourceTree = SDKROOT; };
		39A9421722967C020037A9E8 /* MessagesViewController.swift */ = {isa = PBXFileReference; lastKnownFileType = sourcecode.swift; path = MessagesViewController.swift; sourceTree = "<group>"; };
		39A9421A22967C020037A9E8 /* Base */ = {isa = PBXFileReference; lastKnownFileType = file.storyboard; name = Base; path = Base.lproj/MainInterface.storyboard; sourceTree = "<group>"; };
		39A9421C22967C020037A9E8 /* Assets.xcassets */ = {isa = PBXFileReference; lastKnownFileType = folder.assetcatalog; path = Assets.xcassets; sourceTree = "<group>"; };
		39A9421E22967C020037A9E8 /* Info.plist */ = {isa = PBXFileReference; lastKnownFileType = text.plist.xml; path = Info.plist; sourceTree = "<group>"; };
		39A9422822967D500037A9E8 /* Homer.png */ = {isa = PBXFileReference; lastKnownFileType = image.png; path = Homer.png; sourceTree = "<group>"; };
		39A9422922967D510037A9E8 /* Lisa.png */ = {isa = PBXFileReference; lastKnownFileType = image.png; path = Lisa.png; sourceTree = "<group>"; };
		39A9422A22967D510037A9E8 /* Maggie.png */ = {isa = PBXFileReference; lastKnownFileType = image.png; path = Maggie.png; sourceTree = "<group>"; };
		39A9422B22967D510037A9E8 /* Bart.png */ = {isa = PBXFileReference; lastKnownFileType = image.png; path = Bart.png; sourceTree = "<group>"; };
/* End PBXFileReference section */

/* Begin PBXFrameworksBuildPhase section */
		39A9420C22967C020037A9E8 /* Frameworks */ = {
			isa = PBXFrameworksBuildPhase;
			buildActionMask = 2147483647;
			files = (
				39A9421522967C020037A9E8 /* Messages.framework in Frameworks */,
			);
			runOnlyForDeploymentPostprocessing = 0;
		};
/* End PBXFrameworksBuildPhase section */

/* Begin PBXGroup section */
		39A941FE22967C010037A9E8 = {
			isa = PBXGroup;
			children = (
				39A9420722967C010037A9E8 /* iMessage */,
				39A9421622967C020037A9E8 /* iMessage MessagesExtension */,
				39A9421322967C020037A9E8 /* Frameworks */,
				39A9420622967C010037A9E8 /* Products */,
			);
			sourceTree = "<group>";
		};
		39A9420622967C010037A9E8 /* Products */ = {
			isa = PBXGroup;
			children = (
				39A9420522967C010037A9E8 /* iMessage.app */,
				39A9420F22967C020037A9E8 /* iMessage MessagesExtension.appex */,
			);
			name = Products;
			sourceTree = "<group>";
		};
		39A9420722967C010037A9E8 /* iMessage */ = {
			isa = PBXGroup;
			children = (
				39A9420822967C010037A9E8 /* Assets.xcassets */,
				39A9420A22967C020037A9E8 /* Info.plist */,
			);
			path = iMessage;
			sourceTree = "<group>";
		};
		39A9421322967C020037A9E8 /* Frameworks */ = {
			isa = PBXGroup;
			children = (
				39A9421422967C020037A9E8 /* Messages.framework */,
			);
			name = Frameworks;
			sourceTree = "<group>";
		};
		39A9421622967C020037A9E8 /* iMessage MessagesExtension */ = {
			isa = PBXGroup;
			children = (
				39A9422B22967D510037A9E8 /* Bart.png */,
				39A9422822967D500037A9E8 /* Homer.png */,
				39A9422922967D510037A9E8 /* Lisa.png */,
				39A9422A22967D510037A9E8 /* Maggie.png */,
				39A9421722967C020037A9E8 /* MessagesViewController.swift */,
				39A9421922967C020037A9E8 /* MainInterface.storyboard */,
				39A9421C22967C020037A9E8 /* Assets.xcassets */,
				39A9421E22967C020037A9E8 /* Info.plist */,
			);
			path = "iMessage MessagesExtension";
			sourceTree = "<group>";
		};
/* End PBXGroup section */

/* Begin PBXNativeTarget section */
		39A9420422967C010037A9E8 /* iMessage */ = {
			isa = PBXNativeTarget;
			buildConfigurationList = 39A9422522967C020037A9E8 /* Build configuration list for PBXNativeTarget "iMessage" */;
			buildPhases = (
				39A9420322967C010037A9E8 /* Resources */,
				39A9422422967C020037A9E8 /* Embed App Extensions */,
			);
			buildRules = (
			);
			dependencies = (
				39A9421222967C020037A9E8 /* PBXTargetDependency */,
			);
			name = iMessage;
			productName = iMessage;
			productReference = 39A9420522967C010037A9E8 /* iMessage.app */;
			productType = "com.apple.product-type.application.messages";
		};
		39A9420E22967C020037A9E8 /* iMessage MessagesExtension */ = {
			isa = PBXNativeTarget;
			buildConfigurationList = 39A9422122967C020037A9E8 /* Build configuration list for PBXNativeTarget "iMessage MessagesExtension" */;
			buildPhases = (
				39A9420B22967C020037A9E8 /* Sources */,
				39A9420C22967C020037A9E8 /* Frameworks */,
				39A9420D22967C020037A9E8 /* Resources */,
			);
			buildRules = (
			);
			dependencies = (
			);
			name = "iMessage MessagesExtension";
			productName = "iMessage MessagesExtension";
			productReference = 39A9420F22967C020037A9E8 /* iMessage MessagesExtension.appex */;
			productType = "com.apple.product-type.app-extension.messages";
		};
/* End PBXNativeTarget section */

/* Begin PBXProject section */
		39A941FF22967C010037A9E8 /* Project object */ = {
			isa = PBXProject;
			attributes = {
				LastSwiftUpdateCheck = 1010;
				LastUpgradeCheck = 1010;
				ORGANIZATIONNAME = "MAC-DIN-002";
				TargetAttributes = {
					39A9420422967C010037A9E8 = {
						CreatedOnToolsVersion = 10.1;
					};
					39A9420E22967C020037A9E8 = {
						CreatedOnToolsVersion = 10.1;
					};
				};
			};
			buildConfigurationList = 39A9420222967C010037A9E8 /* Build configuration list for PBXProject "iMessage" */;
			compatibilityVersion = "Xcode 9.3";
			developmentRegion = en;
			hasScannedForEncodings = 0;
			knownRegions = (
				en,
				Base,
			);
			mainGroup = 39A941FE22967C010037A9E8;
			productRefGroup = 39A9420622967C010037A9E8 /* Products */;
			projectDirPath = "";
			projectRoot = "";
			targets = (
				39A9420422967C010037A9E8 /* iMessage */,
				39A9420E22967C020037A9E8 /* iMessage MessagesExtension */,
			);
		};
/* End PBXProject section */

/* Begin PBXResourcesBuildPhase section */
		39A9420322967C010037A9E8 /* Resources */ = {
			isa = PBXResourcesBuildPhase;
			buildActionMask = 2147483647;
			files = (
				39A9420922967C010037A9E8 /* Assets.xcassets in Resources */,
			);
			runOnlyForDeploymentPostprocessing = 0;
		};
		39A9420D22967C020037A9E8 /* Resources */ = {
			isa = PBXResourcesBuildPhase;
			buildActionMask = 2147483647;
			files = (
				39A9422F22967D510037A9E8 /* Bart.png in Resources */,
				39A9422E22967D510037A9E8 /* Maggie.png in Resources */,
				39A9422D22967D510037A9E8 /* Lisa.png in Resources */,
				39A9421D22967C020037A9E8 /* Assets.xcassets in Resources */,
				39A9421B22967C020037A9E8 /* MainInterface.storyboard in Resources */,
				39A9422C22967D510037A9E8 /* Homer.png in Resources */,
			);
			runOnlyForDeploymentPostprocessing = 0;
		};
/* End PBXResourcesBuildPhase section */

/* Begin PBXSourcesBuildPhase section */
		39A9420B22967C020037A9E8 /* Sources */ = {
			isa = PBXSourcesBuildPhase;
			buildActionMask = 2147483647;
			files = (
				39A9421822967C020037A9E8 /* MessagesViewController.swift in Sources */,
			);
			runOnlyForDeploymentPostprocessing = 0;
		};
/* End PBXSourcesBuildPhase section */

/* Begin PBXTargetDependency section */
		39A9421222967C020037A9E8 /* PBXTargetDependency */ = {
			isa = PBXTargetDependency;
			target = 39A9420E22967C020037A9E8 /* iMessage MessagesExtension */;
			targetProxy = 39A9421122967C020037A9E8 /* PBXContainerItemProxy */;
		};
/* End PBXTargetDependency section */

/* Begin PBXVariantGroup section */
		39A9421922967C020037A9E8 /* MainInterface.storyboard */ = {
			isa = PBXVariantGroup;
			children = (
				39A9421A22967C020037A9E8 /* Base */,
			);
			name = MainInterface.storyboard;
			sourceTree = "<group>";
		};
/* End PBXVariantGroup section */

/* Begin XCBuildConfiguration section */
		39A9421F22967C020037A9E8 /* Debug */ = {
			isa = XCBuildConfiguration;
			buildSettings = {
				ALWAYS_SEARCH_USER_PATHS = NO;
				CLANG_ANALYZER_NONNULL = YES;
				CLANG_ANALYZER_NUMBER_OBJECT_CONVERSION = YES_AGGRESSIVE;
				CLANG_CXX_LANGUAGE_STANDARD = "gnu++14";
				CLANG_CXX_LIBRARY = "libc++";
				CLANG_ENABLE_MODULES = YES;
				CLANG_ENABLE_OBJC_ARC = YES;
				CLANG_ENABLE_OBJC_WEAK = YES;
				CLANG_WARN_BLOCK_CAPTURE_AUTORELEASING = YES;
				CLANG_WARN_BOOL_CONVERSION = YES;
				CLANG_WARN_COMMA = YES;
				CLANG_WARN_CONSTANT_CONVERSION = YES;
				CLANG_WARN_DEPRECATED_OBJC_IMPLEMENTATIONS = YES;
				CLANG_WARN_DIRECT_OBJC_ISA_USAGE = YES_ERROR;
				CLANG_WARN_DOCUMENTATION_COMMENTS = YES;
				CLANG_WARN_EMPTY_BODY = YES;
				CLANG_WARN_ENUM_CONVERSION = YES;
				CLANG_WARN_INFINITE_RECURSION = YES;
				CLANG_WARN_INT_CONVERSION = YES;
				CLANG_WARN_NON_LITERAL_NULL_CONVERSION = YES;
				CLANG_WARN_OBJC_IMPLICIT_RETAIN_SELF = YES;
				CLANG_WARN_OBJC_LITERAL_CONVERSION = YES;
				CLANG_WARN_OBJC_ROOT_CLASS = YES_ERROR;
				CLANG_WARN_RANGE_LOOP_ANALYSIS = YES;
				CLANG_WARN_STRICT_PROTOTYPES = YES;
				CLANG_WARN_SUSPICIOUS_MOVE = YES;
				CLANG_WARN_UNGUARDED_AVAILABILITY = YES_AGGRESSIVE;
				CLANG_WARN_UNREACHABLE_CODE = YES;
				CLANG_WARN__DUPLICATE_METHOD_MATCH = YES;
				CODE_SIGN_IDENTITY = "iPhone Developer";
				COPY_PHASE_STRIP = NO;
				DEBUG_INFORMATION_FORMAT = dwarf;
				ENABLE_STRICT_OBJC_MSGSEND = YES;
				ENABLE_TESTABILITY = YES;
				GCC_C_LANGUAGE_STANDARD = gnu11;
				GCC_DYNAMIC_NO_PIC = NO;
				GCC_NO_COMMON_BLOCKS = YES;
				GCC_OPTIMIZATION_LEVEL = 0;
				GCC_PREPROCESSOR_DEFINITIONS = (
					"DEBUG=1",
					"$(inherited)",
				);
				GCC_WARN_64_TO_32_BIT_CONVERSION = YES;
				GCC_WARN_ABOUT_RETURN_TYPE = YES_ERROR;
				GCC_WARN_UNDECLARED_SELECTOR = YES;
				GCC_WARN_UNINITIALIZED_AUTOS = YES_AGGRESSIVE;
				GCC_WARN_UNUSED_FUNCTION = YES;
				GCC_WARN_UNUSED_VARIABLE = YES;
				IPHONEOS_DEPLOYMENT_TARGET = 12.1;
				MTL_ENABLE_DEBUG_INFO = INCLUDE_SOURCE;
				MTL_FAST_MATH = YES;
				ONLY_ACTIVE_ARCH = YES;
				SDKROOT = iphoneos;
				SWIFT_ACTIVE_COMPILATION_CONDITIONS = DEBUG;
				SWIFT_OPTIMIZATION_LEVEL = "-Onone";
			};
			name = Debug;
		};
		39A9422022967C020037A9E8 /* Release */ = {
			isa = XCBuildConfiguration;
			buildSettings = {
				ALWAYS_SEARCH_USER_PATHS = NO;
				CLANG_ANALYZER_NONNULL = YES;
				CLANG_ANALYZER_NUMBER_OBJECT_CONVERSION = YES_AGGRESSIVE;
				CLANG_CXX_LANGUAGE_STANDARD = "gnu++14";
				CLANG_CXX_LIBRARY = "libc++";
				CLANG_ENABLE_MODULES = YES;
				CLANG_ENABLE_OBJC_ARC = YES;
				CLANG_ENABLE_OBJC_WEAK = YES;
				CLANG_WARN_BLOCK_CAPTURE_AUTORELEASING = YES;
				CLANG_WARN_BOOL_CONVERSION = YES;
				CLANG_WARN_COMMA = YES;
				CLANG_WARN_CONSTANT_CONVERSION = YES;
				CLANG_WARN_DEPRECATED_OBJC_IMPLEMENTATIONS = YES;
				CLANG_WARN_DIRECT_OBJC_ISA_USAGE = YES_ERROR;
				CLANG_WARN_DOCUMENTATION_COMMENTS = YES;
				CLANG_WARN_EMPTY_BODY = YES;
				CLANG_WARN_ENUM_CONVERSION = YES;
				CLANG_WARN_INFINITE_RECURSION = YES;
				CLANG_WARN_INT_CONVERSION = YES;
				CLANG_WARN_NON_LITERAL_NULL_CONVERSION = YES;
				CLANG_WARN_OBJC_IMPLICIT_RETAIN_SELF = YES;
				CLANG_WARN_OBJC_LITERAL_CONVERSION = YES;
				CLANG_WARN_OBJC_ROOT_CLASS = YES_ERROR;
				CLANG_WARN_RANGE_LOOP_ANALYSIS = YES;
				CLANG_WARN_STRICT_PROTOTYPES = YES;
				CLANG_WARN_SUSPICIOUS_MOVE = YES;
				CLANG_WARN_UNGUARDED_AVAILABILITY = YES_AGGRESSIVE;
				CLANG_WARN_UNREACHABLE_CODE = YES;
				CLANG_WARN__DUPLICATE_METHOD_MATCH = YES;
				CODE_SIGN_IDENTITY = "iPhone Developer";
				COPY_PHASE_STRIP = NO;
				DEBUG_INFORMATION_FORMAT = "dwarf-with-dsym";
				ENABLE_NS_ASSERTIONS = NO;
				ENABLE_STRICT_OBJC_MSGSEND = YES;
				GCC_C_LANGUAGE_STANDARD = gnu11;
				GCC_NO_COMMON_BLOCKS = YES;
				GCC_WARN_64_TO_32_BIT_CONVERSION = YES;
				GCC_WARN_ABOUT_RETURN_TYPE = YES_ERROR;
				GCC_WARN_UNDECLARED_SELECTOR = YES;
				GCC_WARN_UNINITIALIZED_AUTOS = YES_AGGRESSIVE;
				GCC_WARN_UNUSED_FUNCTION = YES;
				GCC_WARN_UNUSED_VARIABLE = YES;
				IPHONEOS_DEPLOYMENT_TARGET = 12.1;
				MTL_ENABLE_DEBUG_INFO = NO;
				MTL_FAST_MATH = YES;
				SDKROOT = iphoneos;
				SWIFT_COMPILATION_MODE = wholemodule;
				SWIFT_OPTIMIZATION_LEVEL = "-O";
				VALIDATE_PRODUCT = YES;
			};
			name = Release;
		};
		39A9422222967C020037A9E8 /* Debug */ = {
			isa = XCBuildConfiguration;
			buildSettings = {
				ASSETCATALOG_COMPILER_APPICON_NAME = "iMessage App Icon";
				CODE_SIGN_STYLE = Automatic;
				DEVELOPMENT_TEAM = 26ZA897QGK;
				INFOPLIST_FILE = "iMessage MessagesExtension/Info.plist";
				LD_RUNPATH_SEARCH_PATHS = (
					"$(inherited)",
					"@executable_path/Frameworks",
					"@executable_path/../../Frameworks",
				);
				PRODUCT_BUNDLE_IDENTIFIER = fr.sesamevitale.cordonp.firstApp.iMessage.MessagesExtension;
				PRODUCT_NAME = "$(TARGET_NAME)";
				SKIP_INSTALL = YES;
				SWIFT_VERSION = 4.2;
				TARGETED_DEVICE_FAMILY = "1,2";
			};
			name = Debug;
		};
		39A9422322967C020037A9E8 /* Release */ = {
			isa = XCBuildConfiguration;
			buildSettings = {
				ASSETCATALOG_COMPILER_APPICON_NAME = "iMessage App Icon";
				CODE_SIGN_STYLE = Automatic;
				DEVELOPMENT_TEAM = 26ZA897QGK;
				INFOPLIST_FILE = "iMessage MessagesExtension/Info.plist";
				LD_RUNPATH_SEARCH_PATHS = (
					"$(inherited)",
					"@executable_path/Frameworks",
					"@executable_path/../../Frameworks",
				);
				PRODUCT_BUNDLE_IDENTIFIER = fr.sesamevitale.cordonp.firstApp.iMessage.MessagesExtension;
				PRODUCT_NAME = "$(TARGET_NAME)";
				SKIP_INSTALL = YES;
				SWIFT_VERSION = 4.2;
				TARGETED_DEVICE_FAMILY = "1,2";
			};
			name = Release;
		};
		39A9422622967C020037A9E8 /* Debug */ = {
			isa = XCBuildConfiguration;
			buildSettings = {
				ALWAYS_EMBED_SWIFT_STANDARD_LIBRARIES = YES;
				ASSETCATALOG_COMPILER_APPICON_NAME = AppIcon;
				CODE_SIGN_STYLE = Automatic;
				DEVELOPMENT_TEAM = 26ZA897QGK;
				INFOPLIST_FILE = iMessage/Info.plist;
				PRODUCT_BUNDLE_IDENTIFIER = fr.sesamevitale.cordonp.firstApp.iMessage;
				PRODUCT_NAME = "$(TARGET_NAME)";
				SWIFT_VERSION = 4.2;
				TARGETED_DEVICE_FAMILY = "1,2";
			};
			name = Debug;
		};
		39A9422722967C020037A9E8 /* Release */ = {
			isa = XCBuildConfiguration;
			buildSettings = {
				ALWAYS_EMBED_SWIFT_STANDARD_LIBRARIES = YES;
				ASSETCATALOG_COMPILER_APPICON_NAME = AppIcon;
				CODE_SIGN_STYLE = Automatic;
				DEVELOPMENT_TEAM = 26ZA897QGK;
				INFOPLIST_FILE = iMessage/Info.plist;
				PRODUCT_BUNDLE_IDENTIFIER = fr.sesamevitale.cordonp.firstApp.iMessage;
				PRODUCT_NAME = "$(TARGET_NAME)";
				SWIFT_VERSION = 4.2;
				TARGETED_DEVICE_FAMILY = "1,2";
			};
			name = Release;
		};
/* End XCBuildConfiguration section */

/* Begin XCConfigurationList section */
		39A9420222967C010037A9E8 /* Build configuration list for PBXProject "iMessage" */ = {
			isa = XCConfigurationList;
			buildConfigurations = (
				39A9421F22967C020037A9E8 /* Debug */,
				39A9422022967C020037A9E8 /* Release */,
			);
			defaultConfigurationIsVisible = 0;
			defaultConfigurationName = Release;
		};
		39A9422122967C020037A9E8 /* Build configuration list for PBXNativeTarget "iMessage MessagesExtension" */ = {
			isa = XCConfigurationList;
			buildConfigurations = (
				39A9422222967C020037A9E8 /* Debug */,
				39A9422322967C020037A9E8 /* Release */,
			);
			defaultConfigurationIsVisible = 0;
			defaultConfigurationName = Release;
		};
		39A9422522967C020037A9E8 /* Build configuration list for PBXNativeTarget "iMessage" */ = {
			isa = XCConfigurationList;
			buildConfigurations = (
				39A9422622967C020037A9E8 /* Debug */,
				39A9422722967C020037A9E8 /* Release */,
			);
			defaultConfigurationIsVisible = 0;
			defaultConfigurationName = Release;
		};
/* End XCConfigurationList section */
	};
	rootObject = 39A941FF22967C010037A9E8 /* Project object */;
}
